
Microsoft Visual Studio Solution File, Format Version 12.00
# Visual Studio 15
VisualStudioVersion = 15.0.27703.2000
MinimumVisualStudioVersion = 10.0.40219.1
Project("{FAE04EC0-301F-11D3-BF4B-00C04F79EFBC}") = "HW_Module_9_2", "HW_Module_9_2\HW_Module_9_2.csproj", "{2E158FA6-AB48-4D69-AF36-CF20ABB9CF1C}"
EndProject
Project("{FAE04EC0-301F-11D3-BF4B-00C04F79EFBC}") = "Cars", "Cars\Cars.csproj", "{5FDC7642-A235-4752-B8AA-35C35F194620}"
EndProject
Global
	GlobalSection(SolutionConfigurationPlatforms) = preSolution
		Debug|Any CPU = Debug|Any CPU
		Release|Any CPU = Release|Any CPU
	EndGlobalSection
	GlobalSection(ProjectConfigurationPlatforms) = postSolution
		{2E158FA6-AB48-4D69-AF36-CF20ABB9CF1C}.Debug|Any CPU.ActiveCfg = Debug|Any CPU
		{2E158FA6-AB48-4D69-AF36-CF20ABB9CF1C}.Debug|Any CPU.Build.0 = Debug|Any CPU
		{2E158FA6-AB48-4D69-AF36-CF20ABB9CF1C}.Release|Any CPU.ActiveCfg = Release|Any CPU
		{2E158FA6-AB48-4D69-AF36-CF20ABB9CF1C}.Release|Any CPU.Build.0 = Release|Any CPU
		{5FDC7642-A235-4752-B8AA-35C35F194620}.Debug|Any CPU.ActiveCfg = Debug|Any CPU
		{5FDC7642-A235-4752-B8AA-35C35F194620}.Debug|Any CPU.Build.0 = Debug|Any CPU
		{5FDC7642-A235-4752-B8AA-35C35F194620}.Release|Any CPU.ActiveCfg = Release|Any CPU
		{5FDC7642-A235-4752-B8AA-35C35F194620}.Release|Any CPU.Build.0 = Release|Any CPU
	EndGlobalSection
	GlobalSection(SolutionProperties) = preSolution
		HideSolutionNode = FALSE
	EndGlobalSection
	GlobalSection(ExtensibilityGlobals) = postSolution
		SolutionGuid = {4D1FC082-6A1F-4F65-BE36-66CE9E106527}
	EndGlobalSection
EndGlobal
